// !$*UTF8*$!
{
	archiveVersion = 1;
	classes = {
	};
	objectVersion = 50;
	objects = {

/* Begin PBXBuildFile section */
		5CE5AD5C1BCC108667893DD0 /* libPods-SampleApp.a in Frameworks */ = {isa = PBXBuildFile; fileRef = B9116FAB144CE19B892B9CDE /* libPods-SampleApp.a */; };
		795B907923C4AC8C008BDA00 /* AppDelegate.m in Sources */ = {isa = PBXBuildFile; fileRef = 795B907823C4AC8C008BDA00 /* AppDelegate.m */; };
		795B907C23C4AC8C008BDA00 /* SceneDelegate.m in Sources */ = {isa = PBXBuildFile; fileRef = 795B907B23C4AC8C008BDA00 /* SceneDelegate.m */; };
		795B907F23C4AC8C008BDA00 /* GTNewsViewController.m in Sources */ = {isa = PBXBuildFile; fileRef = 795B907E23C4AC8C008BDA00 /* GTNewsViewController.m */; };
		795B908223C4AC8C008BDA00 /* Main.storyboard in Resources */ = {isa = PBXBuildFile; fileRef = 795B908023C4AC8C008BDA00 /* Main.storyboard */; };
		795B908423C4AC8D008BDA00 /* Assets.xcassets in Resources */ = {isa = PBXBuildFile; fileRef = 795B908323C4AC8D008BDA00 /* Assets.xcassets */; };
		795B908A23C4AC8D008BDA00 /* main.m in Sources */ = {isa = PBXBuildFile; fileRef = 795B908923C4AC8D008BDA00 /* main.m */; };
		795B909123CAB49B008BDA00 /* icon.bundle in Resources */ = {isa = PBXBuildFile; fileRef = 795B909023CAB49B008BDA00 /* icon.bundle */; };
		795B909423CB082D008BDA00 /* GTVideoViewController.m in Sources */ = {isa = PBXBuildFile; fileRef = 795B909323CB082D008BDA00 /* GTVideoViewController.m */; };
		795B909723CB24FB008BDA00 /* GTRecommandViewController.m in Sources */ = {isa = PBXBuildFile; fileRef = 795B909623CB24FB008BDA00 /* GTRecommandViewController.m */; };
		795B909D23CBF357008BDA00 /* GTNormalTableViewCell.m in Sources */ = {isa = PBXBuildFile; fileRef = 795B909C23CBF357008BDA00 /* GTNormalTableViewCell.m */; };
		795B90A023CC51AA008BDA00 /* GTDetailViewController.m in Sources */ = {isa = PBXBuildFile; fileRef = 795B909F23CC51AA008BDA00 /* GTDetailViewController.m */; };
		795B90A323CC6A03008BDA00 /* GTDeleteCellView.m in Sources */ = {isa = PBXBuildFile; fileRef = 795B90A223CC6A03008BDA00 /* GTDeleteCellView.m */; };
		795B90AC23CD63AF008BDA00 /* GTListLoader.m in Sources */ = {isa = PBXBuildFile; fileRef = 795B90AB23CD63AF008BDA00 /* GTListLoader.m */; };
		795B90B223CDBA7F008BDA00 /* GTListItem.m in Sources */ = {isa = PBXBuildFile; fileRef = 795B90B123CDBA7F008BDA00 /* GTListItem.m */; };
		B10FE6A024AF315F00B2317A /* GTLogin.m in Sources */ = {isa = PBXBuildFile; fileRef = B10FE69E24AF315F00B2317A /* GTLogin.m */; };
		B10FE6A424B15C6E00B2317A /* SystemConfiguration.framework in Frameworks */ = {isa = PBXBuildFile; fileRef = B10FE6A324B15C6D00B2317A /* SystemConfiguration.framework */; };
		B10FE6A624B1644D00B2317A /* TencentOpenAPI.framework in Frameworks */ = {isa = PBXBuildFile; fileRef = B10FE6A524B1644D00B2317A /* TencentOpenAPI.framework */; };
		B10FE6A924B1AC1D00B2317A /* GTLocation.m in Sources */ = {isa = PBXBuildFile; fileRef = B10FE6A824B1AC1D00B2317A /* GTLocation.m */; };
		B10FE6AC24B1C3E000B2317A /* GTNotification.m in Sources */ = {isa = PBXBuildFile; fileRef = B10FE6AB24B1C3E000B2317A /* GTNotification.m */; };
		B10FE6AF24B3175500B2317A /* ICONBROWN.png in Resources */ = {isa = PBXBuildFile; fileRef = B10FE6AE24B3175500B2317A /* ICONBROWN.png */; };
		B10FE6B624B4109100B2317A /* NotificationCenter.framework in Frameworks */ = {isa = PBXBuildFile; fileRef = B10FE6B524B4109100B2317A /* NotificationCenter.framework */; };
		B10FE6BA24B4109100B2317A /* TodayViewController.m in Sources */ = {isa = PBXBuildFile; fileRef = B10FE6B924B4109100B2317A /* TodayViewController.m */; };
		B10FE6C124B4109100B2317A /* GTToday.appex in Embed App Extensions */ = {isa = PBXBuildFile; fileRef = B10FE6B424B4109100B2317A /* GTToday.appex */; settings = {ATTRIBUTES = (RemoveHeadersOnCopy, ); }; };
		B10FE6C724B411CB00B2317A /* ICONGREEN.png in Resources */ = {isa = PBXBuildFile; fileRef = B10FE6C624B411CB00B2317A /* ICONGREEN.png */; };
		B10FE6CA24B4583F00B2317A /* TencentOpenAPI.framework in Frameworks */ = {isa = PBXBuildFile; fileRef = B10FE6A524B1644D00B2317A /* TencentOpenAPI.framework */; };
		B114BBBE24AB656200F3FF72 /* libGTStatic.a in Frameworks */ = {isa = PBXBuildFile; fileRef = B114BBBC24AB656200F3FF72 /* libGTStatic.a */; };
		B114BBDA24AB6A1100F3FF72 /* GTFramework.framework in Frameworks */ = {isa = PBXBuildFile; fileRef = B114BBD824AB698800F3FF72 /* GTFramework.framework */; };
		B114BBDB24AB6A1100F3FF72 /* GTFramework.framework in Embed Frameworks */ = {isa = PBXBuildFile; fileRef = B114BBD824AB698800F3FF72 /* GTFramework.framework */; settings = {ATTRIBUTES = (CodeSignOnCopy, RemoveHeadersOnCopy, ); }; };
		B114BBE024AB6E3200F3FF72 /* GTMineViewController.m in Sources */ = {isa = PBXBuildFile; fileRef = B114BBDF24AB6E3200F3FF72 /* GTMineViewController.m */; };
		B132878C24A237ED001F1DA6 /* GTSplashView.m in Sources */ = {isa = PBXBuildFile; fileRef = B132878B24A237ED001F1DA6 /* GTSplashView.m */; };
		B13D4E19249651DC003705AE /* GTVideoCoverView.m in Sources */ = {isa = PBXBuildFile; fileRef = B13D4E18249651DC003705AE /* GTVideoCoverView.m */; };
		B170755124A8BFE400D49E06 /* LaunchScreen.storyboard in Resources */ = {isa = PBXBuildFile; fileRef = B170754F24A8BFE400D49E06 /* LaunchScreen.storyboard */; };
		B1897DFF24AA116F0039B409 /* GTMediator.m in Sources */ = {isa = PBXBuildFile; fileRef = B1897DFE24AA116F0039B409 /* GTMediator.m */; };
		B191D2EF249909B1007BC3AF /* GTVideoPlayer.m in Sources */ = {isa = PBXBuildFile; fileRef = B191D2EE249909B1007BC3AF /* GTVideoPlayer.m */; };
		B1929DD8249A414B002E6967 /* GTVideoToolBar.m in Sources */ = {isa = PBXBuildFile; fileRef = B1929DD7249A414B002E6967 /* GTVideoToolBar.m */; };
		B1AE812A249E466E00F3A7D0 /* GTScreen.m in Sources */ = {isa = PBXBuildFile; fileRef = B1AE8129249E466E00F3A7D0 /* GTScreen.m */; };
/* End PBXBuildFile section */

/* Begin PBXContainerItemProxy section */
		B10FE6BF24B4109100B2317A /* PBXContainerItemProxy */ = {
			isa = PBXContainerItemProxy;
			containerPortal = 795B906C23C4AC8C008BDA00 /* Project object */;
			proxyType = 1;
			remoteGlobalIDString = B10FE6B324B4109100B2317A;
			remoteInfo = GTToday;
		};
/* End PBXContainerItemProxy section */

/* Begin PBXCopyFilesBuildPhase section */
		B10FE6C524B4109200B2317A /* Embed App Extensions */ = {
			isa = PBXCopyFilesBuildPhase;
			buildActionMask = 2147483647;
			dstPath = "";
			dstSubfolderSpec = 13;
			files = (
				B10FE6C124B4109100B2317A /* GTToday.appex in Embed App Extensions */,
			);
			name = "Embed App Extensions";
			runOnlyForDeploymentPostprocessing = 0;
		};
		B114BBDC24AB6A1100F3FF72 /* Embed Frameworks */ = {
			isa = PBXCopyFilesBuildPhase;
			buildActionMask = 2147483647;
			dstPath = "";
			dstSubfolderSpec = 10;
			files = (
				B114BBDB24AB6A1100F3FF72 /* GTFramework.framework in Embed Frameworks */,
			);
			name = "Embed Frameworks";
			runOnlyForDeploymentPostprocessing = 0;
		};
/* End PBXCopyFilesBuildPhase section */

/* Begin PBXFileReference section */
		3315B9D86B5F848A9FB23ED9 /* Pods-SampleApp.release.xcconfig */ = {isa = PBXFileReference; includeInIndex = 1; lastKnownFileType = text.xcconfig; name = "Pods-SampleApp.release.xcconfig"; path = "Target Support Files/Pods-SampleApp/Pods-SampleApp.release.xcconfig"; sourceTree = "<group>"; };
		57EA873CB116729AE62EDEEE /* Pods-SampleApp.debug.xcconfig */ = {isa = PBXFileReference; includeInIndex = 1; lastKnownFileType = text.xcconfig; name = "Pods-SampleApp.debug.xcconfig"; path = "Target Support Files/Pods-SampleApp/Pods-SampleApp.debug.xcconfig"; sourceTree = "<group>"; };
		795B907423C4AC8C008BDA00 /* SampleApp.app */ = {isa = PBXFileReference; explicitFileType = wrapper.application; includeInIndex = 0; path = SampleApp.app; sourceTree = BUILT_PRODUCTS_DIR; };
		795B907723C4AC8C008BDA00 /* AppDelegate.h */ = {isa = PBXFileReference; lastKnownFileType = sourcecode.c.h; path = AppDelegate.h; sourceTree = "<group>"; };
		795B907823C4AC8C008BDA00 /* AppDelegate.m */ = {isa = PBXFileReference; lastKnownFileType = sourcecode.c.objc; path = AppDelegate.m; sourceTree = "<group>"; };
		795B907A23C4AC8C008BDA00 /* SceneDelegate.h */ = {isa = PBXFileReference; lastKnownFileType = sourcecode.c.h; path = SceneDelegate.h; sourceTree = "<group>"; };
		795B907B23C4AC8C008BDA00 /* SceneDelegate.m */ = {isa = PBXFileReference; lastKnownFileType = sourcecode.c.objc; path = SceneDelegate.m; sourceTree = "<group>"; };
		795B907D23C4AC8C008BDA00 /* GTNewsViewController.h */ = {isa = PBXFileReference; lastKnownFileType = sourcecode.c.h; path = GTNewsViewController.h; sourceTree = "<group>"; };
		795B907E23C4AC8C008BDA00 /* GTNewsViewController.m */ = {isa = PBXFileReference; lastKnownFileType = sourcecode.c.objc; path = GTNewsViewController.m; sourceTree = "<group>"; };
		795B908123C4AC8C008BDA00 /* Base */ = {isa = PBXFileReference; lastKnownFileType = file.storyboard; name = Base; path = Base.lproj/Main.storyboard; sourceTree = "<group>"; };
		795B908323C4AC8D008BDA00 /* Assets.xcassets */ = {isa = PBXFileReference; lastKnownFileType = folder.assetcatalog; path = Assets.xcassets; sourceTree = "<group>"; };
		795B908823C4AC8D008BDA00 /* Info.plist */ = {isa = PBXFileReference; lastKnownFileType = text.plist.xml; path = Info.plist; sourceTree = "<group>"; };
		795B908923C4AC8D008BDA00 /* main.m */ = {isa = PBXFileReference; lastKnownFileType = sourcecode.c.objc; path = main.m; sourceTree = "<group>"; };
		795B909023CAB49B008BDA00 /* icon.bundle */ = {isa = PBXFileReference; lastKnownFileType = "wrapper.plug-in"; path = icon.bundle; sourceTree = "<group>"; };
		795B909223CB082D008BDA00 /* GTVideoViewController.h */ = {isa = PBXFileReference; lastKnownFileType = sourcecode.c.h; path = GTVideoViewController.h; sourceTree = "<group>"; };
		795B909323CB082D008BDA00 /* GTVideoViewController.m */ = {isa = PBXFileReference; lastKnownFileType = sourcecode.c.objc; path = GTVideoViewController.m; sourceTree = "<group>"; };
		795B909523CB24FB008BDA00 /* GTRecommandViewController.h */ = {isa = PBXFileReference; lastKnownFileType = sourcecode.c.h; path = GTRecommandViewController.h; sourceTree = "<group>"; };
		795B909623CB24FB008BDA00 /* GTRecommandViewController.m */ = {isa = PBXFileReference; lastKnownFileType = sourcecode.c.objc; path = GTRecommandViewController.m; sourceTree = "<group>"; };
		795B909B23CBF357008BDA00 /* GTNormalTableViewCell.h */ = {isa = PBXFileReference; lastKnownFileType = sourcecode.c.h; path = GTNormalTableViewCell.h; sourceTree = "<group>"; };
		795B909C23CBF357008BDA00 /* GTNormalTableViewCell.m */ = {isa = PBXFileReference; lastKnownFileType = sourcecode.c.objc; path = GTNormalTableViewCell.m; sourceTree = "<group>"; };
		795B909E23CC51AA008BDA00 /* GTDetailViewController.h */ = {isa = PBXFileReference; lastKnownFileType = sourcecode.c.h; path = GTDetailViewController.h; sourceTree = "<group>"; };
		795B909F23CC51AA008BDA00 /* GTDetailViewController.m */ = {isa = PBXFileReference; lastKnownFileType = sourcecode.c.objc; path = GTDetailViewController.m; sourceTree = "<group>"; };
		795B90A123CC6A03008BDA00 /* GTDeleteCellView.h */ = {isa = PBXFileReference; lastKnownFileType = sourcecode.c.h; path = GTDeleteCellView.h; sourceTree = "<group>"; };
		795B90A223CC6A03008BDA00 /* GTDeleteCellView.m */ = {isa = PBXFileReference; lastKnownFileType = sourcecode.c.objc; path = GTDeleteCellView.m; sourceTree = "<group>"; };
		795B90AA23CD63AF008BDA00 /* GTListLoader.h */ = {isa = PBXFileReference; lastKnownFileType = sourcecode.c.h; path = GTListLoader.h; sourceTree = "<group>"; };
		795B90AB23CD63AF008BDA00 /* GTListLoader.m */ = {isa = PBXFileReference; lastKnownFileType = sourcecode.c.objc; path = GTListLoader.m; sourceTree = "<group>"; };
		795B90B023CDBA7F008BDA00 /* GTListItem.h */ = {isa = PBXFileReference; lastKnownFileType = sourcecode.c.h; path = GTListItem.h; sourceTree = "<group>"; };
		795B90B123CDBA7F008BDA00 /* GTListItem.m */ = {isa = PBXFileReference; lastKnownFileType = sourcecode.c.objc; path = GTListItem.m; sourceTree = "<group>"; };
		B10FE69E24AF315F00B2317A /* GTLogin.m */ = {isa = PBXFileReference; fileEncoding = 4; lastKnownFileType = sourcecode.c.objc; path = GTLogin.m; sourceTree = "<group>"; };
		B10FE69F24AF315F00B2317A /* GTLogin.h */ = {isa = PBXFileReference; fileEncoding = 4; lastKnownFileType = sourcecode.c.h; path = GTLogin.h; sourceTree = "<group>"; };
		B10FE6A324B15C6D00B2317A /* SystemConfiguration.framework */ = {isa = PBXFileReference; lastKnownFileType = wrapper.framework; name = SystemConfiguration.framework; path = System/Library/Frameworks/SystemConfiguration.framework; sourceTree = SDKROOT; };
		B10FE6A524B1644D00B2317A /* TencentOpenAPI.framework */ = {isa = PBXFileReference; lastKnownFileType = wrapper.framework; path = TencentOpenAPI.framework; sourceTree = "<group>"; };
		B10FE6A724B1AC1D00B2317A /* GTLocation.h */ = {isa = PBXFileReference; lastKnownFileType = sourcecode.c.h; path = GTLocation.h; sourceTree = "<group>"; };
		B10FE6A824B1AC1D00B2317A /* GTLocation.m */ = {isa = PBXFileReference; lastKnownFileType = sourcecode.c.objc; path = GTLocation.m; sourceTree = "<group>"; };
		B10FE6AA24B1C3E000B2317A /* GTNotification.h */ = {isa = PBXFileReference; lastKnownFileType = sourcecode.c.h; path = GTNotification.h; sourceTree = "<group>"; };
		B10FE6AB24B1C3E000B2317A /* GTNotification.m */ = {isa = PBXFileReference; lastKnownFileType = sourcecode.c.objc; path = GTNotification.m; sourceTree = "<group>"; };
		B10FE6AE24B3175500B2317A /* ICONBROWN.png */ = {isa = PBXFileReference; lastKnownFileType = image.png; path = ICONBROWN.png; sourceTree = "<group>"; };
		B10FE6B424B4109100B2317A /* GTToday.appex */ = {isa = PBXFileReference; explicitFileType = "wrapper.app-extension"; includeInIndex = 0; path = GTToday.appex; sourceTree = BUILT_PRODUCTS_DIR; };
		B10FE6B524B4109100B2317A /* NotificationCenter.framework */ = {isa = PBXFileReference; lastKnownFileType = wrapper.framework; name = NotificationCenter.framework; path = System/Library/Frameworks/NotificationCenter.framework; sourceTree = SDKROOT; };
		B10FE6B824B4109100B2317A /* TodayViewController.h */ = {isa = PBXFileReference; lastKnownFileType = sourcecode.c.h; path = TodayViewController.h; sourceTree = "<group>"; };
		B10FE6B924B4109100B2317A /* TodayViewController.m */ = {isa = PBXFileReference; lastKnownFileType = sourcecode.c.objc; path = TodayViewController.m; sourceTree = "<group>"; };
		B10FE6BE24B4109100B2317A /* Info.plist */ = {isa = PBXFileReference; lastKnownFileType = text.plist.xml; path = Info.plist; sourceTree = "<group>"; };
		B10FE6C624B411CB00B2317A /* ICONGREEN.png */ = {isa = PBXFileReference; lastKnownFileType = image.png; path = ICONGREEN.png; sourceTree = "<group>"; };
		B10FE6CB24B4597500B2317A /* GTTodayRelease.entitlements */ = {isa = PBXFileReference; lastKnownFileType = text.plist.entitlements; path = GTTodayRelease.entitlements; sourceTree = "<group>"; };
		B10FE6CC24B4598700B2317A /* SampleAppRelease.entitlements */ = {isa = PBXFileReference; lastKnownFileType = text.plist.entitlements; path = SampleAppRelease.entitlements; sourceTree = "<group>"; };
		B114BBBB24AB656200F3FF72 /* GTStatic.h */ = {isa = PBXFileReference; fileEncoding = 4; lastKnownFileType = sourcecode.c.h; path = GTStatic.h; sourceTree = "<group>"; };
		B114BBBC24AB656200F3FF72 /* libGTStatic.a */ = {isa = PBXFileReference; lastKnownFileType = archive.ar; path = libGTStatic.a; sourceTree = "<group>"; };
		B114BBBD24AB656200F3FF72 /* GTStaticTest.h */ = {isa = PBXFileReference; fileEncoding = 4; lastKnownFileType = sourcecode.c.h; path = GTStaticTest.h; sourceTree = "<group>"; };
		B114BBD824AB698800F3FF72 /* GTFramework.framework */ = {isa = PBXFileReference; lastKnownFileType = wrapper.framework; path = GTFramework.framework; sourceTree = "<group>"; };
		B114BBDE24AB6E3200F3FF72 /* GTMineViewController.h */ = {isa = PBXFileReference; lastKnownFileType = sourcecode.c.h; path = GTMineViewController.h; sourceTree = "<group>"; };
		B114BBDF24AB6E3200F3FF72 /* GTMineViewController.m */ = {isa = PBXFileReference; lastKnownFileType = sourcecode.c.objc; path = GTMineViewController.m; sourceTree = "<group>"; };
		B132878A24A237ED001F1DA6 /* GTSplashView.h */ = {isa = PBXFileReference; lastKnownFileType = sourcecode.c.h; path = GTSplashView.h; sourceTree = "<group>"; };
		B132878B24A237ED001F1DA6 /* GTSplashView.m */ = {isa = PBXFileReference; lastKnownFileType = sourcecode.c.objc; path = GTSplashView.m; sourceTree = "<group>"; };
		B13D4E17249651DC003705AE /* GTVideoCoverView.h */ = {isa = PBXFileReference; lastKnownFileType = sourcecode.c.h; path = GTVideoCoverView.h; sourceTree = "<group>"; };
		B13D4E18249651DC003705AE /* GTVideoCoverView.m */ = {isa = PBXFileReference; lastKnownFileType = sourcecode.c.objc; path = GTVideoCoverView.m; sourceTree = "<group>"; };
		B170755024A8BFE400D49E06 /* Base */ = {isa = PBXFileReference; lastKnownFileType = file.storyboard; name = Base; path = Base.lproj/LaunchScreen.storyboard; sourceTree = "<group>"; };
		B1897DFD24AA116F0039B409 /* GTMediator.h */ = {isa = PBXFileReference; lastKnownFileType = sourcecode.c.h; path = GTMediator.h; sourceTree = "<group>"; };
		B1897DFE24AA116F0039B409 /* GTMediator.m */ = {isa = PBXFileReference; lastKnownFileType = sourcecode.c.objc; path = GTMediator.m; sourceTree = "<group>"; };
		B191D2ED249909B1007BC3AF /* GTVideoPlayer.h */ = {isa = PBXFileReference; lastKnownFileType = sourcecode.c.h; path = GTVideoPlayer.h; sourceTree = "<group>"; };
		B191D2EE249909B1007BC3AF /* GTVideoPlayer.m */ = {isa = PBXFileReference; lastKnownFileType = sourcecode.c.objc; path = GTVideoPlayer.m; sourceTree = "<group>"; };
		B1929DD6249A414B002E6967 /* GTVideoToolBar.h */ = {isa = PBXFileReference; lastKnownFileType = sourcecode.c.h; path = GTVideoToolBar.h; sourceTree = "<group>"; };
		B1929DD7249A414B002E6967 /* GTVideoToolBar.m */ = {isa = PBXFileReference; lastKnownFileType = sourcecode.c.objc; path = GTVideoToolBar.m; sourceTree = "<group>"; };
		B1AE8128249E466E00F3A7D0 /* GTScreen.h */ = {isa = PBXFileReference; lastKnownFileType = sourcecode.c.h; path = GTScreen.h; sourceTree = "<group>"; };
		B1AE8129249E466E00F3A7D0 /* GTScreen.m */ = {isa = PBXFileReference; lastKnownFileType = sourcecode.c.objc; path = GTScreen.m; sourceTree = "<group>"; };
		B9116FAB144CE19B892B9CDE /* libPods-SampleApp.a */ = {isa = PBXFileReference; explicitFileType = archive.ar; includeInIndex = 0; path = "libPods-SampleApp.a"; sourceTree = BUILT_PRODUCTS_DIR; };
/* End PBXFileReference section */

/* Begin PBXFrameworksBuildPhase section */
		795B907123C4AC8C008BDA00 /* Frameworks */ = {
			isa = PBXFrameworksBuildPhase;
			buildActionMask = 2147483647;
			files = (
				B10FE6A624B1644D00B2317A /* TencentOpenAPI.framework in Frameworks */,
				B114BBBE24AB656200F3FF72 /* libGTStatic.a in Frameworks */,
				B10FE6A424B15C6E00B2317A /* SystemConfiguration.framework in Frameworks */,
				5CE5AD5C1BCC108667893DD0 /* libPods-SampleApp.a in Frameworks */,
				B114BBDA24AB6A1100F3FF72 /* GTFramework.framework in Frameworks */,
			);
			runOnlyForDeploymentPostprocessing = 0;
		};
		B10FE6B124B4109100B2317A /* Frameworks */ = {
			isa = PBXFrameworksBuildPhase;
			buildActionMask = 2147483647;
			files = (
				B10FE6B624B4109100B2317A /* NotificationCenter.framework in Frameworks */,
				B10FE6CA24B4583F00B2317A /* TencentOpenAPI.framework in Frameworks */,
			);
			runOnlyForDeploymentPostprocessing = 0;
		};
/* End PBXFrameworksBuildPhase section */

/* Begin PBXGroup section */
		0C295AF4A9BAE9BB1846EC0E /* Frameworks */ = {
			isa = PBXGroup;
			children = (
				B10FE6A324B15C6D00B2317A /* SystemConfiguration.framework */,
				B9116FAB144CE19B892B9CDE /* libPods-SampleApp.a */,
				B10FE6B524B4109100B2317A /* NotificationCenter.framework */,
			);
			name = Frameworks;
			sourceTree = "<group>";
		};
		795B906B23C4AC8C008BDA00 = {
			isa = PBXGroup;
			children = (
				795B907623C4AC8C008BDA00 /* SampleApp */,
				B10FE6B724B4109100B2317A /* GTToday */,
				795B907523C4AC8C008BDA00 /* Products */,
				C44F3989351EC87D853DF92C /* Pods */,
				0C295AF4A9BAE9BB1846EC0E /* Frameworks */,
			);
			sourceTree = "<group>";
		};
		795B907523C4AC8C008BDA00 /* Products */ = {
			isa = PBXGroup;
			children = (
				795B907423C4AC8C008BDA00 /* SampleApp.app */,
				B10FE6B424B4109100B2317A /* GTToday.appex */,
			);
			name = Products;
			sourceTree = "<group>";
		};
		795B907623C4AC8C008BDA00 /* SampleApp */ = {
			isa = PBXGroup;
			children = (
				B10FE6CC24B4598700B2317A /* SampleAppRelease.entitlements */,
				B10FE6AD24B3166A00B2317A /* AlternateIcons */,
				B114BBDD24AB6DE000F3FF72 /* MineController */,
				B114BBBA24AB64CF00F3FF72 /* GTFramework */,
				B14AB84724964EB300DE4B84 /* VideoController */,
				795B90A723CD5AC3008BDA00 /* NewsController */,
				B10FE6C924B4160200B2317A /* RecommandController */,
				B10FE6C824B4155300B2317A /* Utils */,
				795B909023CAB49B008BDA00 /* icon.bundle */,
				795B907723C4AC8C008BDA00 /* AppDelegate.h */,
				795B907823C4AC8C008BDA00 /* AppDelegate.m */,
				795B907A23C4AC8C008BDA00 /* SceneDelegate.h */,
				795B907B23C4AC8C008BDA00 /* SceneDelegate.m */,
				795B908023C4AC8C008BDA00 /* Main.storyboard */,
				B170754F24A8BFE400D49E06 /* LaunchScreen.storyboard */,
				795B908323C4AC8D008BDA00 /* Assets.xcassets */,
				795B908823C4AC8D008BDA00 /* Info.plist */,
				795B908923C4AC8D008BDA00 /* main.m */,
			);
			path = SampleApp;
			sourceTree = "<group>";
		};
		795B90A723CD5AC3008BDA00 /* NewsController */ = {
			isa = PBXGroup;
			children = (
				795B90AF23CDB82D008BDA00 /* View */,
				795B90AE23CDB824008BDA00 /* Model */,
				795B90A823CD5AFC008BDA00 /* Controller */,
				795B90A923CD5B0D008BDA00 /* Detail */,
			);
			path = NewsController;
			sourceTree = "<group>";
		};
		795B90A823CD5AFC008BDA00 /* Controller */ = {
			isa = PBXGroup;
			children = (
				795B907D23C4AC8C008BDA00 /* GTNewsViewController.h */,
				795B907E23C4AC8C008BDA00 /* GTNewsViewController.m */,
			);
			path = Controller;
			sourceTree = "<group>";
		};
		795B90A923CD5B0D008BDA00 /* Detail */ = {
			isa = PBXGroup;
			children = (
				795B909E23CC51AA008BDA00 /* GTDetailViewController.h */,
				795B909F23CC51AA008BDA00 /* GTDetailViewController.m */,
			);
			path = Detail;
			sourceTree = "<group>";
		};
		795B90AE23CDB824008BDA00 /* Model */ = {
			isa = PBXGroup;
			children = (
				795B90AA23CD63AF008BDA00 /* GTListLoader.h */,
				795B90AB23CD63AF008BDA00 /* GTListLoader.m */,
				795B90B023CDBA7F008BDA00 /* GTListItem.h */,
				795B90B123CDBA7F008BDA00 /* GTListItem.m */,
			);
			path = Model;
			sourceTree = "<group>";
		};
		795B90AF23CDB82D008BDA00 /* View */ = {
			isa = PBXGroup;
			children = (
				795B909B23CBF357008BDA00 /* GTNormalTableViewCell.h */,
				795B909C23CBF357008BDA00 /* GTNormalTableViewCell.m */,
				795B90A123CC6A03008BDA00 /* GTDeleteCellView.h */,
				795B90A223CC6A03008BDA00 /* GTDeleteCellView.m */,
			);
			path = View;
			sourceTree = "<group>";
		};
		B10FE6AD24B3166A00B2317A /* AlternateIcons */ = {
			isa = PBXGroup;
			children = (
				B10FE6AE24B3175500B2317A /* ICONBROWN.png */,
				B10FE6C624B411CB00B2317A /* ICONGREEN.png */,
			);
			path = AlternateIcons;
			sourceTree = "<group>";
		};
		B10FE6B724B4109100B2317A /* GTToday */ = {
			isa = PBXGroup;
			children = (
				B10FE6CB24B4597500B2317A /* GTTodayRelease.entitlements */,
				B10FE6B824B4109100B2317A /* TodayViewController.h */,
				B10FE6B924B4109100B2317A /* TodayViewController.m */,
				B10FE6BE24B4109100B2317A /* Info.plist */,
			);
			path = GTToday;
			sourceTree = "<group>";
		};
		B10FE6C824B4155300B2317A /* Utils */ = {
			isa = PBXGroup;
			children = (
				B1AE8128249E466E00F3A7D0 /* GTScreen.h */,
				B1AE8129249E466E00F3A7D0 /* GTScreen.m */,
				B132878A24A237ED001F1DA6 /* GTSplashView.h */,
				B132878B24A237ED001F1DA6 /* GTSplashView.m */,
				B1897DFD24AA116F0039B409 /* GTMediator.h */,
				B1897DFE24AA116F0039B409 /* GTMediator.m */,
				B10FE6A724B1AC1D00B2317A /* GTLocation.h */,
				B10FE6A824B1AC1D00B2317A /* GTLocation.m */,
				B10FE6AA24B1C3E000B2317A /* GTNotification.h */,
				B10FE6AB24B1C3E000B2317A /* GTNotification.m */,
			);
			path = Utils;
			sourceTree = "<group>";
		};
		B10FE6C924B4160200B2317A /* RecommandController */ = {
			isa = PBXGroup;
			children = (
				795B909523CB24FB008BDA00 /* GTRecommandViewController.h */,
				795B909623CB24FB008BDA00 /* GTRecommandViewController.m */,
			);
			path = RecommandController;
			sourceTree = "<group>";
		};
		B114BBBA24AB64CF00F3FF72 /* GTFramework */ = {
			isa = PBXGroup;
			children = (
				B10FE6A524B1644D00B2317A /* TencentOpenAPI.framework */,
				B114BBD824AB698800F3FF72 /* GTFramework.framework */,
				B114BBBB24AB656200F3FF72 /* GTStatic.h */,
				B114BBBD24AB656200F3FF72 /* GTStaticTest.h */,
				B114BBBC24AB656200F3FF72 /* libGTStatic.a */,
			);
			path = GTFramework;
			sourceTree = "<group>";
		};
		B114BBDD24AB6DE000F3FF72 /* MineController */ = {
			isa = PBXGroup;
			children = (
				B10FE69F24AF315F00B2317A /* GTLogin.h */,
				B10FE69E24AF315F00B2317A /* GTLogin.m */,
				B114BBDE24AB6E3200F3FF72 /* GTMineViewController.h */,
				B114BBDF24AB6E3200F3FF72 /* GTMineViewController.m */,
			);
			path = MineController;
			sourceTree = "<group>";
		};
		B14AB84724964EB300DE4B84 /* VideoController */ = {
			isa = PBXGroup;
			children = (
				795B909223CB082D008BDA00 /* GTVideoViewController.h */,
				795B909323CB082D008BDA00 /* GTVideoViewController.m */,
				B13D4E17249651DC003705AE /* GTVideoCoverView.h */,
				B13D4E18249651DC003705AE /* GTVideoCoverView.m */,
				B191D2ED249909B1007BC3AF /* GTVideoPlayer.h */,
				B191D2EE249909B1007BC3AF /* GTVideoPlayer.m */,
				B1929DD6249A414B002E6967 /* GTVideoToolBar.h */,
				B1929DD7249A414B002E6967 /* GTVideoToolBar.m */,
			);
			path = VideoController;
			sourceTree = "<group>";
		};
		C44F3989351EC87D853DF92C /* Pods */ = {
			isa = PBXGroup;
			children = (
				57EA873CB116729AE62EDEEE /* Pods-SampleApp.debug.xcconfig */,
				3315B9D86B5F848A9FB23ED9 /* Pods-SampleApp.release.xcconfig */,
			);
			path = Pods;
			sourceTree = "<group>";
		};
/* End PBXGroup section */

/* Begin PBXNativeTarget section */
		795B907323C4AC8C008BDA00 /* SampleApp */ = {
			isa = PBXNativeTarget;
			buildConfigurationList = 795B908D23C4AC8D008BDA00 /* Build configuration list for PBXNativeTarget "SampleApp" */;
			buildPhases = (
				EA5AFA09D59A108F2FA5963C /* [CP] Check Pods Manifest.lock */,
				795B907023C4AC8C008BDA00 /* Sources */,
				795B907123C4AC8C008BDA00 /* Frameworks */,
				795B907223C4AC8C008BDA00 /* Resources */,
				B114BBDC24AB6A1100F3FF72 /* Embed Frameworks */,
				B10FE6C524B4109200B2317A /* Embed App Extensions */,
			);
			buildRules = (
			);
			dependencies = (
				B10FE6C024B4109100B2317A /* PBXTargetDependency */,
			);
			name = SampleApp;
			productName = SampleApp;
			productReference = 795B907423C4AC8C008BDA00 /* SampleApp.app */;
			productType = "com.apple.product-type.application";
		};
		B10FE6B324B4109100B2317A /* GTToday */ = {
			isa = PBXNativeTarget;
			buildConfigurationList = B10FE6C224B4109200B2317A /* Build configuration list for PBXNativeTarget "GTToday" */;
			buildPhases = (
				B10FE6B024B4109100B2317A /* Sources */,
				B10FE6B124B4109100B2317A /* Frameworks */,
				B10FE6B224B4109100B2317A /* Resources */,
			);
			buildRules = (
			);
			dependencies = (
			);
			name = GTToday;
			productName = GTToday;
			productReference = B10FE6B424B4109100B2317A /* GTToday.appex */;
			productType = "com.apple.product-type.app-extension";
		};
/* End PBXNativeTarget section */

/* Begin PBXProject section */
		795B906C23C4AC8C008BDA00 /* Project object */ = {
			isa = PBXProject;
			attributes = {
				LastUpgradeCheck = 1130;
				ORGANIZATIONNAME = "张圣俊";
				TargetAttributes = {
					795B907323C4AC8C008BDA00 = {
						CreatedOnToolsVersion = 11.3;
					};
					B10FE6B324B4109100B2317A = {
						CreatedOnToolsVersion = 11.5;
					};
				};
			};
			buildConfigurationList = 795B906F23C4AC8C008BDA00 /* Build configuration list for PBXProject "SampleApp" */;
			compatibilityVersion = "Xcode 9.3";
			developmentRegion = en;
			hasScannedForEncodings = 0;
			knownRegions = (
				en,
				Base,
			);
			mainGroup = 795B906B23C4AC8C008BDA00;
			productRefGroup = 795B907523C4AC8C008BDA00 /* Products */;
			projectDirPath = "";
			projectRoot = "";
			targets = (
				795B907323C4AC8C008BDA00 /* SampleApp */,
				B10FE6B324B4109100B2317A /* GTToday */,
			);
		};
/* End PBXProject section */

/* Begin PBXResourcesBuildPhase section */
		795B907223C4AC8C008BDA00 /* Resources */ = {
			isa = PBXResourcesBuildPhase;
			buildActionMask = 2147483647;
			files = (
				795B909123CAB49B008BDA00 /* icon.bundle in Resources */,
				B10FE6AF24B3175500B2317A /* ICONBROWN.png in Resources */,
				B10FE6C724B411CB00B2317A /* ICONGREEN.png in Resources */,
				B170755124A8BFE400D49E06 /* LaunchScreen.storyboard in Resources */,
				795B908423C4AC8D008BDA00 /* Assets.xcassets in Resources */,
				795B908223C4AC8C008BDA00 /* Main.storyboard in Resources */,
			);
			runOnlyForDeploymentPostprocessing = 0;
		};
		B10FE6B224B4109100B2317A /* Resources */ = {
			isa = PBXResourcesBuildPhase;
			buildActionMask = 2147483647;
			files = (
			);
			runOnlyForDeploymentPostprocessing = 0;
		};
/* End PBXResourcesBuildPhase section */

/* Begin PBXShellScriptBuildPhase section */
		EA5AFA09D59A108F2FA5963C /* [CP] Check Pods Manifest.lock */ = {
			isa = PBXShellScriptBuildPhase;
			buildActionMask = 2147483647;
			files = (
			);
			inputFileListPaths = (
			);
			inputPaths = (
				"${PODS_PODFILE_DIR_PATH}/Podfile.lock",
				"${PODS_ROOT}/Manifest.lock",
			);
			name = "[CP] Check Pods Manifest.lock";
			outputFileListPaths = (
			);
			outputPaths = (
				"$(DERIVED_FILE_DIR)/Pods-SampleApp-checkManifestLockResult.txt",
			);
			runOnlyForDeploymentPostprocessing = 0;
			shellPath = /bin/sh;
			shellScript = "diff \"${PODS_PODFILE_DIR_PATH}/Podfile.lock\" \"${PODS_ROOT}/Manifest.lock\" > /dev/null\nif [ $? != 0 ] ; then\n    # print error to STDERR\n    echo \"error: The sandbox is not in sync with the Podfile.lock. Run 'pod install' or update your CocoaPods installation.\" >&2\n    exit 1\nfi\n# This output is used by Xcode 'outputs' to avoid re-running this script phase.\necho \"SUCCESS\" > \"${SCRIPT_OUTPUT_FILE_0}\"\n";
			showEnvVarsInLog = 0;
		};
/* End PBXShellScriptBuildPhase section */

/* Begin PBXSourcesBuildPhase section */
		795B907023C4AC8C008BDA00 /* Sources */ = {
			isa = PBXSourcesBuildPhase;
			buildActionMask = 2147483647;
			files = (
				B1AE812A249E466E00F3A7D0 /* GTScreen.m in Sources */,
				795B90A023CC51AA008BDA00 /* GTDetailViewController.m in Sources */,
				B13D4E19249651DC003705AE /* GTVideoCoverView.m in Sources */,
				B1929DD8249A414B002E6967 /* GTVideoToolBar.m in Sources */,
				795B90A323CC6A03008BDA00 /* GTDeleteCellView.m in Sources */,
				795B909D23CBF357008BDA00 /* GTNormalTableViewCell.m in Sources */,
				B10FE6A024AF315F00B2317A /* GTLogin.m in Sources */,
				B1897DFF24AA116F0039B409 /* GTMediator.m in Sources */,
				795B907F23C4AC8C008BDA00 /* GTNewsViewController.m in Sources */,
				795B909423CB082D008BDA00 /* GTVideoViewController.m in Sources */,
				795B90AC23CD63AF008BDA00 /* GTListLoader.m in Sources */,
				B114BBE024AB6E3200F3FF72 /* GTMineViewController.m in Sources */,
				795B90B223CDBA7F008BDA00 /* GTListItem.m in Sources */,
				B132878C24A237ED001F1DA6 /* GTSplashView.m in Sources */,
				795B909723CB24FB008BDA00 /* GTRecommandViewController.m in Sources */,
				795B907923C4AC8C008BDA00 /* AppDelegate.m in Sources */,
				795B908A23C4AC8D008BDA00 /* main.m in Sources */,
				795B907C23C4AC8C008BDA00 /* SceneDelegate.m in Sources */,
				B10FE6AC24B1C3E000B2317A /* GTNotification.m in Sources */,
				B191D2EF249909B1007BC3AF /* GTVideoPlayer.m in Sources */,
				B10FE6A924B1AC1D00B2317A /* GTLocation.m in Sources */,
			);
			runOnlyForDeploymentPostprocessing = 0;
		};
		B10FE6B024B4109100B2317A /* Sources */ = {
			isa = PBXSourcesBuildPhase;
			buildActionMask = 2147483647;
			files = (
				B10FE6BA24B4109100B2317A /* TodayViewController.m in Sources */,
			);
			runOnlyForDeploymentPostprocessing = 0;
		};
/* End PBXSourcesBuildPhase section */

/* Begin PBXTargetDependency section */
		B10FE6C024B4109100B2317A /* PBXTargetDependency */ = {
			isa = PBXTargetDependency;
			target = B10FE6B324B4109100B2317A /* GTToday */;
			targetProxy = B10FE6BF24B4109100B2317A /* PBXContainerItemProxy */;
		};
/* End PBXTargetDependency section */

/* Begin PBXVariantGroup section */
		795B908023C4AC8C008BDA00 /* Main.storyboard */ = {
			isa = PBXVariantGroup;
			children = (
				795B908123C4AC8C008BDA00 /* Base */,
			);
			name = Main.storyboard;
			sourceTree = "<group>";
		};
		B170754F24A8BFE400D49E06 /* LaunchScreen.storyboard */ = {
			isa = PBXVariantGroup;
			children = (
				B170755024A8BFE400D49E06 /* Base */,
			);
			name = LaunchScreen.storyboard;
			sourceTree = "<group>";
		};
/* End PBXVariantGroup section */

/* Begin XCBuildConfiguration section */
		795B908B23C4AC8D008BDA00 /* Debug */ = {
			isa = XCBuildConfiguration;
			buildSettings = {
				ALWAYS_SEARCH_USER_PATHS = NO;
				CLANG_ANALYZER_NONNULL = YES;
				CLANG_ANALYZER_NUMBER_OBJECT_CONVERSION = YES_AGGRESSIVE;
				CLANG_CXX_LANGUAGE_STANDARD = "gnu++14";
				CLANG_CXX_LIBRARY = "libc++";
				CLANG_ENABLE_MODULES = YES;
				CLANG_ENABLE_OBJC_ARC = YES;
				CLANG_ENABLE_OBJC_WEAK = YES;
				CLANG_WARN_BLOCK_CAPTURE_AUTORELEASING = YES;
				CLANG_WARN_BOOL_CONVERSION = YES;
				CLANG_WARN_COMMA = YES;
				CLANG_WARN_CONSTANT_CONVERSION = YES;
				CLANG_WARN_DEPRECATED_OBJC_IMPLEMENTATIONS = YES;
				CLANG_WARN_DIRECT_OBJC_ISA_USAGE = YES_ERROR;
				CLANG_WARN_DOCUMENTATION_COMMENTS = YES;
				CLANG_WARN_EMPTY_BODY = YES;
				CLANG_WARN_ENUM_CONVERSION = YES;
				CLANG_WARN_INFINITE_RECURSION = YES;
				CLANG_WARN_INT_CONVERSION = YES;
				CLANG_WARN_NON_LITERAL_NULL_CONVERSION = YES;
				CLANG_WARN_OBJC_IMPLICIT_RETAIN_SELF = YES;
				CLANG_WARN_OBJC_LITERAL_CONVERSION = YES;
				CLANG_WARN_OBJC_ROOT_CLASS = YES_ERROR;
				CLANG_WARN_RANGE_LOOP_ANALYSIS = YES;
				CLANG_WARN_STRICT_PROTOTYPES = YES;
				CLANG_WARN_SUSPICIOUS_MOVE = YES;
				CLANG_WARN_UNGUARDED_AVAILABILITY = YES_AGGRESSIVE;
				CLANG_WARN_UNREACHABLE_CODE = YES;
				CLANG_WARN__DUPLICATE_METHOD_MATCH = YES;
				COPY_PHASE_STRIP = NO;
				DEBUG_INFORMATION_FORMAT = dwarf;
				ENABLE_STRICT_OBJC_MSGSEND = YES;
				ENABLE_TESTABILITY = YES;
				GCC_C_LANGUAGE_STANDARD = gnu11;
				GCC_DYNAMIC_NO_PIC = NO;
				GCC_NO_COMMON_BLOCKS = YES;
				GCC_OPTIMIZATION_LEVEL = 0;
				GCC_PREPROCESSOR_DEFINITIONS = (
					"DEBUG=1",
					"$(inherited)",
				);
				GCC_WARN_64_TO_32_BIT_CONVERSION = YES;
				GCC_WARN_ABOUT_RETURN_TYPE = YES_ERROR;
				GCC_WARN_UNDECLARED_SELECTOR = YES;
				GCC_WARN_UNINITIALIZED_AUTOS = YES_AGGRESSIVE;
				GCC_WARN_UNUSED_FUNCTION = YES;
				GCC_WARN_UNUSED_VARIABLE = YES;
				IPHONEOS_DEPLOYMENT_TARGET = 12.0;
				MTL_ENABLE_DEBUG_INFO = INCLUDE_SOURCE;
				MTL_FAST_MATH = YES;
				ONLY_ACTIVE_ARCH = YES;
				SDKROOT = iphoneos;
			};
			name = Debug;
		};
		795B908C23C4AC8D008BDA00 /* Release */ = {
			isa = XCBuildConfiguration;
			buildSettings = {
				ALWAYS_SEARCH_USER_PATHS = NO;
				CLANG_ANALYZER_NONNULL = YES;
				CLANG_ANALYZER_NUMBER_OBJECT_CONVERSION = YES_AGGRESSIVE;
				CLANG_CXX_LANGUAGE_STANDARD = "gnu++14";
				CLANG_CXX_LIBRARY = "libc++";
				CLANG_ENABLE_MODULES = YES;
				CLANG_ENABLE_OBJC_ARC = YES;
				CLANG_ENABLE_OBJC_WEAK = YES;
				CLANG_WARN_BLOCK_CAPTURE_AUTORELEASING = YES;
				CLANG_WARN_BOOL_CONVERSION = YES;
				CLANG_WARN_COMMA = YES;
				CLANG_WARN_CONSTANT_CONVERSION = YES;
				CLANG_WARN_DEPRECATED_OBJC_IMPLEMENTATIONS = YES;
				CLANG_WARN_DIRECT_OBJC_ISA_USAGE = YES_ERROR;
				CLANG_WARN_DOCUMENTATION_COMMENTS = YES;
				CLANG_WARN_EMPTY_BODY = YES;
				CLANG_WARN_ENUM_CONVERSION = YES;
				CLANG_WARN_INFINITE_RECURSION = YES;
				CLANG_WARN_INT_CONVERSION = YES;
				CLANG_WARN_NON_LITERAL_NULL_CONVERSION = YES;
				CLANG_WARN_OBJC_IMPLICIT_RETAIN_SELF = YES;
				CLANG_WARN_OBJC_LITERAL_CONVERSION = YES;
				CLANG_WARN_OBJC_ROOT_CLASS = YES_ERROR;
				CLANG_WARN_RANGE_LOOP_ANALYSIS = YES;
				CLANG_WARN_STRICT_PROTOTYPES = YES;
				CLANG_WARN_SUSPICIOUS_MOVE = YES;
				CLANG_WARN_UNGUARDED_AVAILABILITY = YES_AGGRESSIVE;
				CLANG_WARN_UNREACHABLE_CODE = YES;
				CLANG_WARN__DUPLICATE_METHOD_MATCH = YES;
				COPY_PHASE_STRIP = NO;
				DEBUG_INFORMATION_FORMAT = "dwarf-with-dsym";
				ENABLE_NS_ASSERTIONS = NO;
				ENABLE_STRICT_OBJC_MSGSEND = YES;
				GCC_C_LANGUAGE_STANDARD = gnu11;
				GCC_NO_COMMON_BLOCKS = YES;
				GCC_WARN_64_TO_32_BIT_CONVERSION = YES;
				GCC_WARN_ABOUT_RETURN_TYPE = YES_ERROR;
				GCC_WARN_UNDECLARED_SELECTOR = YES;
				GCC_WARN_UNINITIALIZED_AUTOS = YES_AGGRESSIVE;
				GCC_WARN_UNUSED_FUNCTION = YES;
				GCC_WARN_UNUSED_VARIABLE = YES;
				IPHONEOS_DEPLOYMENT_TARGET = 12.0;
				MTL_ENABLE_DEBUG_INFO = NO;
				MTL_FAST_MATH = YES;
				SDKROOT = iphoneos;
				VALIDATE_PRODUCT = YES;
			};
			name = Release;
		};
		795B908E23C4AC8D008BDA00 /* Debug */ = {
			isa = XCBuildConfiguration;
			baseConfigurationReference = 57EA873CB116729AE62EDEEE /* Pods-SampleApp.debug.xcconfig */;
			buildSettings = {
				ASSETCATALOG_COMPILER_APPICON_NAME = AppIcon;
				CODE_SIGN_IDENTITY = "Apple Development";
				CODE_SIGN_STYLE = Automatic;
				DEVELOPMENT_TEAM = N8235HY6K4;
				FRAMEWORK_SEARCH_PATHS = (
					"$(inherited)",
					"$(PROJECT_DIR)/SampleApp/GTFramework",
				);
				INFOPLIST_FILE = SampleApp/Info.plist;
				IPHONEOS_DEPLOYMENT_TARGET = 13.5;
				LD_RUNPATH_SEARCH_PATHS = (
					"$(inherited)",
					"@executable_path/Frameworks",
				);
				LIBRARY_SEARCH_PATHS = (
					"$(inherited)",
					"$(PROJECT_DIR)/SampleApp/GTFramework",
				);
				PRODUCT_BUNDLE_IDENTIFIER = com.zhngsj.SampleApp;
				PRODUCT_NAME = "$(TARGET_NAME)";
				PROVISIONING_PROFILE_SPECIFIER = "";
				TARGETED_DEVICE_FAMILY = 1;
			};
			name = Debug;
		};
		795B908F23C4AC8D008BDA00 /* Release */ = {
			isa = XCBuildConfiguration;
			baseConfigurationReference = 3315B9D86B5F848A9FB23ED9 /* Pods-SampleApp.release.xcconfig */;
			buildSettings = {
				ASSETCATALOG_COMPILER_APPICON_NAME = AppIcon;
				CODE_SIGN_ENTITLEMENTS = SampleApp/SampleAppRelease.entitlements;
				CODE_SIGN_IDENTITY = "Apple Development";
				CODE_SIGN_STYLE = Automatic;
				DEVELOPMENT_TEAM = N8235HY6K4;
				FRAMEWORK_SEARCH_PATHS = (
					"$(inherited)",
					"$(PROJECT_DIR)/SampleApp/GTFramework",
				);
				INFOPLIST_FILE = SampleApp/Info.plist;
				IPHONEOS_DEPLOYMENT_TARGET = 13.5;
				LD_RUNPATH_SEARCH_PATHS = (
					"$(inherited)",
					"@executable_path/Frameworks",
				);
				LIBRARY_SEARCH_PATHS = (
					"$(inherited)",
					"$(PROJECT_DIR)/SampleApp/GTFramework",
				);
				PRODUCT_BUNDLE_IDENTIFIER = com.zhngsj.SampleApp;
				PRODUCT_NAME = "$(TARGET_NAME)";
				PROVISIONING_PROFILE_SPECIFIER = "";
				TARGETED_DEVICE_FAMILY = 1;
			};
			name = Release;
		};
		B10FE6C324B4109200B2317A /* Debug */ = {
			isa = XCBuildConfiguration;
			buildSettings = {
				CODE_SIGN_IDENTITY = "Apple Development";
				CODE_SIGN_STYLE = Automatic;
				DEVELOPMENT_TEAM = N8235HY6K4;
				FRAMEWORK_SEARCH_PATHS = (
					"$(inherited)",
					"$(PROJECT_DIR)/SampleApp/GTFramework",
				);
				INFOPLIST_FILE = GTToday/Info.plist;
				IPHONEOS_DEPLOYMENT_TARGET = 13.5;
				LD_RUNPATH_SEARCH_PATHS = (
					"$(inherited)",
					"@executable_path/Frameworks",
					"@executable_path/../../Frameworks",
				);
				PRODUCT_BUNDLE_IDENTIFIER = com.zhngsj.SampleApp.GTToday;
				PRODUCT_NAME = "$(TARGET_NAME)";
				SKIP_INSTALL = YES;
				TARGETED_DEVICE_FAMILY = "1,2";
			};
			name = Debug;
		};
		B10FE6C424B4109200B2317A /* Release */ = {
			isa = XCBuildConfiguration;
			buildSettings = {
				CODE_SIGN_ENTITLEMENTS = GTToday/GTTodayRelease.entitlements;
				CODE_SIGN_IDENTITY = "Apple Development";
				CODE_SIGN_STYLE = Automatic;
				DEVELOPMENT_TEAM = N8235HY6K4;
				FRAMEWORK_SEARCH_PATHS = (
					"$(inherited)",
					"$(PROJECT_DIR)/SampleApp/GTFramework",
				);
				INFOPLIST_FILE = GTToday/Info.plist;
				IPHONEOS_DEPLOYMENT_TARGET = 13.5;
				LD_RUNPATH_SEARCH_PATHS = (
					"$(inherited)",
					"@executable_path/Frameworks",
					"@executable_path/../../Frameworks",
				);
				PRODUCT_BUNDLE_IDENTIFIER = com.zhngsj.SampleApp.GTToday;
				PRODUCT_NAME = "$(TARGET_NAME)";
				SKIP_INSTALL = YES;
				TARGETED_DEVICE_FAMILY = "1,2";
			};
			name = Release;
		};
/* End XCBuildConfiguration section */

/* Begin XCConfigurationList section */
		795B906F23C4AC8C008BDA00 /* Build configuration list for PBXProject "SampleApp" */ = {
			isa = XCConfigurationList;
			buildConfigurations = (
				795B908B23C4AC8D008BDA00 /* Debug */,
				795B908C23C4AC8D008BDA00 /* Release */,
			);
			defaultConfigurationIsVisible = 0;
			defaultConfigurationName = Release;
		};
		795B908D23C4AC8D008BDA00 /* Build configuration list for PBXNativeTarget "SampleApp" */ = {
			isa = XCConfigurationList;
			buildConfigurations = (
				795B908E23C4AC8D008BDA00 /* Debug */,
				795B908F23C4AC8D008BDA00 /* Release */,
			);
			defaultConfigurationIsVisible = 0;
			defaultConfigurationName = Release;
		};
		B10FE6C224B4109200B2317A /* Build configuration list for PBXNativeTarget "GTToday" */ = {
			isa = XCConfigurationList;
			buildConfigurations = (
				B10FE6C324B4109200B2317A /* Debug */,
				B10FE6C424B4109200B2317A /* Release */,
			);
			defaultConfigurationIsVisible = 0;
			defaultConfigurationName = Release;
		};
/* End XCConfigurationList section */
	};
	rootObject = 795B906C23C4AC8C008BDA00 /* Project object */;
}
